
Microsoft Visual Studio Solution File, Format Version 12.00
# Visual Studio Version 16
VisualStudioVersion = 16.0.31410.357
MinimumVisualStudioVersion = 10.0.40219.1
Project("{9A19103F-16F7-4668-BE54-9A1E7A4F7556}") = "DudeGenerator", "DudeGenerator.csproj", "{2917687D-DAF4-4ECC-9D6A-5DA06FCEFC57}"
EndProject
Global
	GlobalSection(SolutionConfigurationPlatforms) = preSolution
		Debug|Any CPU = Debug|Any CPU
		Release|Any CPU = Release|Any CPU
	EndGlobalSection
	GlobalSection(ProjectConfigurationPlatforms) = postSolution
		{2917687D-DAF4-4ECC-9D6A-5DA06FCEFC57}.Debug|Any CPU.ActiveCfg = Debug|Any CPU
		{2917687D-DAF4-4ECC-9D6A-5DA06FCEFC57}.Debug|Any CPU.Build.0 = Debug|Any CPU
		{2917687D-DAF4-4ECC-9D6A-5DA06FCEFC57}.Release|Any CPU.ActiveCfg = Release|Any CPU
		{2917687D-DAF4-4ECC-9D6A-5DA06FCEFC57}.Release|Any CPU.Build.0 = Release|Any CPU
	EndGlobalSection
	GlobalSection(SolutionProperties) = preSolution
		HideSolutionNode = FALSE
	EndGlobalSection
	GlobalSection(ExtensibilityGlobals) = postSolution
		SolutionGuid = {128D2AB2-0750-41BF-BFC9-146ADBE4844C}
	EndGlobalSection
EndGlobal
